
Microsoft Visual Studio Solution File, Format Version 12.00
# Visual Studio 15
VisualStudioVersion = 15.0.28010.2046
MinimumVisualStudioVersion = 10.0.40219.1
Project("{FAE04EC0-301F-11D3-BF4B-00C04F79EFBC}") = "9. Генерация биомов - Графы и проектирование", "9. Генерация биомов - Графы и проектирование\9. Генерация биомов - Графы и проектирование.csproj", "{D12ACFF7-90A8-479A-96EC-B6449E68CCBC}"
EndProject
Global
	GlobalSection(SolutionConfigurationPlatforms) = preSolution
		Debug|Any CPU = Debug|Any CPU
		Release|Any CPU = Release|Any CPU
	EndGlobalSection
	GlobalSection(ProjectConfigurationPlatforms) = postSolution
		{D12ACFF7-90A8-479A-96EC-B6449E68CCBC}.Debug|Any CPU.ActiveCfg = Debug|Any CPU
		{D12ACFF7-90A8-479A-96EC-B6449E68CCBC}.Debug|Any CPU.Build.0 = Debug|Any CPU
		{D12ACFF7-90A8-479A-96EC-B6449E68CCBC}.Release|Any CPU.ActiveCfg = Release|Any CPU
		{D12ACFF7-90A8-479A-96EC-B6449E68CCBC}.Release|Any CPU.Build.0 = Release|Any CPU
	EndGlobalSection
	GlobalSection(SolutionProperties) = preSolution
		HideSolutionNode = FALSE
	EndGlobalSection
	GlobalSection(ExtensibilityGlobals) = postSolution
		SolutionGuid = {4DB1582E-FA51-4212-8123-D7DC0B75A4EE}
	EndGlobalSection
EndGlobal
